{
    "_meta": {
        "hash": {
            "sha256": "6a889022cbd0a369b3bac970e76b2031d4c7c25e7a7b48708a9196ce0c7294ed"
        },
        "pipfile-spec": 6,
        "requires": {
            "python_version": "3.8.2"
        },
        "sources": [
            {
                "name": "pypi",
                "url": "https://pypi.org/simple",
                "verify_ssl": true
            }
        ]
    },
    "default": {
        "click": {
            "hashes": [
                "sha256:8687723fc0d2728b0837bbf052c03362c3f89ac89a3575aea17553379778c93d",
                "sha256:9ae357a9c48764c16ec0ed814c0a420c80c04ed08c858fd99f906e398355651c"
            ],
            "index": "pypi",
            "version": "==0.7"
        },
        "grpcio": {
            "hashes": [
                "sha256:177fb72c6c8f89788d8065ee5dd239af7a7a26962a4d81777c156c4813ae87dc",
                "sha256:181c0066d0005f81f384cbeade9d5a41dee1e97dc9e6ba005122d4a753b1f056",
                "sha256:26860ffbb5830d3dca76955699996e59703a6b2d4f71c33617178817a6fea303",
                "sha256:277ab0a2c0eb503491300c89a34093caa33dbc5c05c5f49e3f01c65c5fbbeb83",
                "sha256:36719664bc1bf8db4027b576b0f65f36a6cbcea69fe522ea29ee9d02fb4191a5",
                "sha256:43caff66c30fcfcb59424ec121bac0db6b0831da1310e7ec7ec8ad847ecef30b",
                "sha256:4666caf3e642ece8119597482734ab16f14b5d842334b45267182aace0fb2dae",
                "sha256:48bb0526c612c0e5ae39d6e1f5d12eb75ee5e588560a86347dfc381717ed091d",
                "sha256:69d5bb14479be7d6c7097715c54eebbda2c0ba6a8e228aabc69f18e1fd6eaed4",
                "sha256:6aaf92894f12bc7d7c467e0b7f665a319a20b48d41297a3a77de95da8d03a73b",
                "sha256:739e97e7d25b5fb4ed3dc7daedd725a04e1caccce7bf7f2cbc6fa4efef975b05",
                "sha256:79977b7fd02f83ca1eb2489415509f13bf2ee16b49f53e1893547fa54a057242",
                "sha256:7ac4c298579015b84d612ac70ec7b7aeba44db7e87ac075402a3b20a4402553a",
                "sha256:7c0ebcbe5c52ca179fe3e47c3f12bb74d62227d762bb62a42d0fb6178a8b5845",
                "sha256:9207a8339078dc5558e5ae15a8e95012c31dcc317029224a159292c1cae382b2",
                "sha256:953a72d9f4f4f011789c6147fbe5e93419fdf3891d8ee5840fd9c7bd02960739",
                "sha256:9b93e74fceec8808e74a7cfde9f852d35f34283cf6441cdecbfbfb39611bd143",
                "sha256:9fe8d4d694b2ccb272473ac4b8813b3a649ea53448235b43759913c99fe5f0d0",
                "sha256:a4bde6b6800d82f772f72669d1772cf740d1aec5ca98c8edffa3dfd531ecf7c6",
                "sha256:a9d8f04e820dc20fa120e0af4f8e995155b8dcc475c34fb31be105c8eeac74c3",
                "sha256:bc26186dca4ee75dbe33a367217e7318f4fc135c5f02437e7f84fa853e9a877d",
                "sha256:ceaa0e4ea3259bea36d08f332e49bb28120669b651b1a50d64e553ac4add3a86",
                "sha256:d4fea86ed6c1585ac51cb15f2ae8d58feeebcdf11cb6de38807fffedb2e019b2",
                "sha256:d51a486a1cfdedb19d3f50e12c030841384f46fcb1ec0de216fc55a85e752321",
                "sha256:dc28b9ea5e6c2c75a54cd194c15a8a742a7ad710c1ccfca8e84d50420a2a1aef",
                "sha256:dd55e694ddd1c439fb933ac21c297a7e019c7db7b44178579822129cd28b8c44",
                "sha256:e20804844b4ce2db0f700762c352170a3957a80080703ee3a53cce2e72849d36",
                "sha256:ecbd9900d4237cdb166ab923a9c76ad16880d166494e04df58ae7f8e2a14a9dd",
                "sha256:f8c5c455e4a843500f236231fa250eb4e2e81c1e8f2280ae56f1ed3f25f8c332",
                "sha256:f9119f484a04ea1a006f4d7b4a9ca4a77ff91c5afd166a2aa0417e6bd5b4eb3b",
                "sha256:f936b811ecb44cf8a83c8b8fea7b9191e04f96d168681b2744a4b7c1b3812b34",
                "sha256:fa61afe6258f16efc4c6793a3a39bcd5a7eec43ea1789fa2d9e437a2e4dbeaf4"
            ],
            "index": "pypi",
            "version": "==1.20.0"
        },
        "grpcio-reflection": {
            "hashes": [
                "sha256:8a46608f62873d00721c485ae2605720e320f608eabb230aea354746a7835c85"
            ],
            "index": "pypi",
            "version": "==1.20.0"
        },
        "grpcio-tools": {
            "hashes": [
                "sha256:007cb56c2201806d6d985458d4ae39b4de322f3f5e87de428c1936acee500ed4",
                "sha256:0b24e6d41bf067debea53f8bcb9d775ff9697b6b27af0a1fe4d61857c115107a",
                "sha256:0f39f634a961b2f5e54d675491956d8c4bba91cedfbc829d1a86b6f2aa54319b",
                "sha256:1496184a94d7f3bdae56207aa761301cc93a7941c82698252101064c7af3314f",
                "sha256:28d5fc1187a4b0e6b9028e5eca8c3b8133bd70439a40de86a4672128de7e02c0",
                "sha256:3872adecced29dffb11bb43ea6f9dc37b35c422adf6444836951950333614535",
                "sha256:45d79039654fc815bf9b1ff4abfbaa4799d1a298c6b180a434094d07d23e1621",
                "sha256:50b52a67802fc36177a683ff12b4e694c80c418eb2b192249cca07d9fc50906c",
                "sha256:54763a9764d7261950b6e071e67f3da25683b4184c9b0838f2d9ab743740c392",
                "sha256:56ade91dbe87db93466fb164d7ed991eb9abc8e874dd560146143f20b8d8baee",
                "sha256:5ac324e413cff6130a089d8d1848da897d78ddd2e23864af8d18979f29f0b353",
                "sha256:5adbdcc5a5a2ffa1d98c897e4f3e993d2683e9a0008b646760eecbdd42e8ccd5",
                "sha256:5f261e03b36b2de05069077710b1afef8ee51c2cf0b83d37dd4159bd9462eb76",
                "sha256:78ed74746cab6c519d9b504ab8e4178d39862182e1ae4f0728836455f0c47d5c",
                "sha256:7af450f5cbf15a6ed1c508c4a7e0a2d1cbb16060fcea68b8783ae4f126da569c",
                "sha256:80753c97c4bffcd94b5b36eb7bcc6c00d4d5eaa709f8a7efd8b8f2304173e9ff",
                "sha256:861970085d96f92a0f36a13c6030cc4f019782e78b56effaebe2066858f45f31",
                "sha256:949fe5ff104f30643729cef8f200e3b566caf10c009618bd63e34c5a8446b9b2",
                "sha256:952078102bd9015a6d7224d63d1a5c545b4f147a62bd2660de76de84e06a589a",
                "sha256:9916244064448c590dcb78c58c02ead315fd19563f2073dbb6139d87375660f0",
                "sha256:ac139f0bb14b16841b23f7284922b060bff66e845b164fdf4160aed51bdb707e",
                "sha256:b6f6eea8abe67eb783b7da51121b2a2c3fe74344d1fa2b1a2a34a0512a90460b",
                "sha256:c05f0f4bdd47a8438a79545387e59d00f028267de64fa7d328bf3c96057660b7",
                "sha256:c81fdb8ae6776c9a74992e7641ceb65be26853a1f5530e735f015305f0df27cd",
                "sha256:cc5552cd71e3f2003749afcfab7386445b774586201bdbf3c7cba077382c139e",
                "sha256:df72620dd2bf06eb5904e790a9252737f3ac9d2ced935fe323e86f0f46ebadc5",
                "sha256:e343a2bf772a295b5c64933827e209c9235c00d2d789ebf5e28f5c1d920cd21d",
                "sha256:e8d49d25e58187ef91be2cf94f939faa2b724e7cb772f2cf59c96277a282530d",
                "sha256:f04d926a119654c62033bf0e670b1a08899b3cdd893bfa73d22a0282f99ba1f8",
                "sha256:f81bdb1775c8800cdc1f4bd28bf6808717c4b751d782db5420367a1a620d206d",
                "sha256:fc022c8596f5460c126801e445a27a6425acb886f712e10b1e8615683681aa50",
                "sha256:fd3f5cb21c83a74b381f20f6d7a79429533725bca862f23ad463366f91b319f7"
            ],
            "index": "pypi",
            "version": "==1.20.0"
        },
        "joblib": {
            "hashes": [
                "sha256:8f52bf24c64b608bf0b2563e0e47d6fcf516abc8cfafe10cfd98ad66d94f92d6",
                "sha256:d348c5d4ae31496b2aa060d6d9b787864dd204f9480baaa52d18850cb43e9f49"
            ],
            "markers": "python_version >= '3.6'",
            "version": "==0.16.0"
        },
        "numpy": {
            "hashes": [
                "sha256:04c7d4ebc5ff93d9822075ddb1751ff392a4375e5885299445fcebf877f179d5",
                "sha256:0bfd85053d1e9f60234f28f63d4a5147ada7f432943c113a11afcf3e65d9d4c8",
                "sha256:0c66da1d202c52051625e55a249da35b31f65a81cb56e4c69af0dfb8fb0125bf",
                "sha256:0d310730e1e793527065ad7dde736197b705d0e4c9999775f212b03c44a8484c",
                "sha256:1669ec8e42f169ff715a904c9b2105b6640f3f2a4c4c2cb4920ae8b2785dac65",
                "sha256:2117536e968abb7357d34d754e3733b0d7113d4c9f1d921f21a3d96dec5ff716",
                "sha256:3733640466733441295b0d6d3dcbf8e1ffa7e897d4d82903169529fd3386919a",
                "sha256:4339741994c775396e1a274dba3609c69ab0f16056c1077f18979bec2a2c2e6e",
                "sha256:51ee93e1fac3fe08ef54ff1c7f329db64d8a9c5557e6c8e908be9497ac76374b",
                "sha256:54045b198aebf41bf6bf4088012777c1d11703bf74461d70cd350c0af2182e45",
                "sha256:58d66a6b3b55178a1f8a5fe98df26ace76260a70de694d99577ddeab7eaa9a9d",
                "sha256:59f3d687faea7a4f7f93bd9665e5b102f32f3fa28514f15b126f099b7997203d",
                "sha256:62139af94728d22350a571b7c82795b9d59be77fc162414ada6c8b6a10ef5d02",
                "sha256:7118f0a9f2f617f921ec7d278d981244ba83c85eea197be7c5a4f84af80a9c3c",
                "sha256:7c6646314291d8f5ea900a7ea9c4261f834b5b62159ba2abe3836f4fa6705526",
                "sha256:967c92435f0b3ba37a4257c48b8715b76741410467e2bdb1097e8391fccfae15",
                "sha256:9a3001248b9231ed73894c773142658bab914645261275f675d86c290c37f66d",
                "sha256:aba1d5daf1144b956bc87ffb87966791f5e9f3e1f6fab3d7f581db1f5b598f7a",
                "sha256:addaa551b298052c16885fc70408d3848d4e2e7352de4e7a1e13e691abc734c1",
                "sha256:b594f76771bc7fc8a044c5ba303427ee67c17a09b36e1fa32bde82f5c419d17a",
                "sha256:c35a01777f81e7333bcf276b605f39c872e28295441c265cd0c860f4b40148c1",
                "sha256:cebd4f4e64cfe87f2039e4725781f6326a61f095bc77b3716502bed812b385a9",
                "sha256:d526fa58ae4aead839161535d59ea9565863bb0b0bdb3cc63214613fb16aced4",
                "sha256:d7ac33585e1f09e7345aa902c281bd777fdb792432d27fca857f39b70e5dd31c",
                "sha256:e6ddbdc5113628f15de7e4911c02aed74a4ccff531842c583e5032f6e5a179bd",
                "sha256:eb25c381d168daf351147713f49c626030dcff7a393d5caa62515d415a6071d8"
            ],
            "markers": "python_version >= '3.6'",
            "version": "==1.19.2"
        },
        "pandas": {
            "hashes": [
                "sha256:026d764d0b86ee53183aa4c0b90774b6146123eeada4e24946d7d24290777be1",
                "sha256:02ec9f5f0b7df7227931a884569ef0b6d32d76789c84bcac1a719dafd1f912e8",
                "sha256:08783a33989a6747317766b75be30a594a9764b9f145bb4bcc06e337930d9807",
                "sha256:0936991228241db937e87f82ec552a33888dd04a2e0d5a2fa3c689f92fab09e0",
                "sha256:188cdfbf8399bc144fa95040536b5ce3429d2eda6c9c8b238c987af7df9f128c",
                "sha256:1edf6c254d2d138188e9987159978ee70e23362fe9197f3f100844a197f7e1e4",
                "sha256:474fa53e3b2f3a543cbca81f7457bd1f44e7eb1be7171067636307e21b624e9c",
                "sha256:59df9f0276aa4854d8bff28c5e5aeb74d9c6bb4d9f55d272b7124a7df40e47d0",
                "sha256:9e135ce9929cd0f0ba24f0545936af17ba935f844d4c3a2b979354a73c9440e0",
                "sha256:ab6ea0f3116f408a8a59cd50158bfd19d2a024f4e221f14ab1bcd2da4f0c6fdf",
                "sha256:b64ffd87a2cfd31b40acd4b92cb72ea9a52a48165aec4c140e78fd69c45d1444",
                "sha256:b821f239514a9ce46dd1cd6c9298a03ed58d0235d414ea264aacc1b14916bbe4",
                "sha256:c9235b37489168ed6b173551c816b50aa89f03c24a8549a8b4d47d8dc79bfb1e",
                "sha256:eb0ac2fd04428f18b547716f70c699a7cc9c65a6947ed8c7e688d96eb91e3db8",
                "sha256:eeb64c5b3d4f2ea072ca8afdeb2b946cd681a863382ca79734f1b520b8d2fa26",
                "sha256:f7008ec22b92d771b145150978d930a28fab8da3a10131b01bbf39574acdad0b"
            ],
            "index": "pypi",
            "version": "==1.1.2"
        },
        "patsy": {
            "hashes": [
                "sha256:5465be1c0e670c3a965355ec09e9a502bf2c4cbe4875e8528b0221190a8a5d40",
                "sha256:f115cec4201e1465cd58b9866b0b0e7b941caafec129869057405bfe5b5e3991"
            ],
            "version": "==0.5.1"
        },
        "protobuf": {
            "hashes": [
                "sha256:0bba42f439bf45c0f600c3c5993666fcb88e8441d011fad80a11df6f324eef33",
                "sha256:1e834076dfef9e585815757a2c7e4560c7ccc5962b9d09f831214c693a91b463",
                "sha256:339c3a003e3c797bc84499fa32e0aac83c768e67b3de4a5d7a5a9aa3b0da634c",
                "sha256:361acd76f0ad38c6e38f14d08775514fbd241316cce08deb2ce914c7dfa1184a",
                "sha256:3dee442884a18c16d023e52e32dd34a8930a889e511af493f6dc7d4d9bf12e4f",
                "sha256:4d1174c9ed303070ad59553f435846a2f877598f59f9afc1b89757bdf846f2a7",
                "sha256:5db9d3e12b6ede5e601b8d8684a7f9d90581882925c96acf8495957b4f1b204b",
                "sha256:6a82e0c8bb2bf58f606040cc5814e07715b2094caeba281e2e7d0b0e2e397db5",
                "sha256:8c35bcbed1c0d29b127c886790e9d37e845ffc2725cc1db4bd06d70f4e8359f4",
                "sha256:91c2d897da84c62816e2f473ece60ebfeab024a16c1751aaf31100127ccd93ec",
                "sha256:9c2e63c1743cba12737169c447374fab3dfeb18111a460a8c1a000e35836b18c",
                "sha256:9edfdc679a3669988ec55a989ff62449f670dfa7018df6ad7f04e8dbacb10630",
                "sha256:c0c5ab9c4b1eac0a9b838f1e46038c3175a95b0f2d944385884af72876bd6bc7",
                "sha256:c8abd7605185836f6f11f97b21200f8a864f9cb078a193fe3c9e235711d3ff1e",
                "sha256:d69697acac76d9f250ab745b46c725edf3e98ac24763990b24d58c16c642947a",
                "sha256:df3932e1834a64b46ebc262e951cd82c3cf0fa936a154f0a42231140d8237060",
                "sha256:e7662437ca1e0c51b93cadb988f9b353fa6b8013c0385d63a70c8a77d84da5f9",
                "sha256:f68eb9d03c7d84bd01c790948320b768de8559761897763731294e3bc316decb"
            ],
            "version": "==3.13.0"
        },
        "pyarrow": {
            "hashes": [
                "sha256:025242d8d7cf3dba24a56d970e74d4509cf66122da84d3f50fcf43820afac1c8",
                "sha256:0b67124beb16dcd47b4cd7a8bac989826aee6eac6a280066476b7289206b1175",
                "sha256:0ec631db5c268acc25016278d253584dffc93a0dd44c07847f2477d6eb5b89d5",
                "sha256:0f95821b5b60e6da151ebf287e653f873334763ceab7338285fec7559216f888",
                "sha256:100e6976255d3d68f9bc0c2cf2950ba794f375de19b38f3a39527784efde4719",
                "sha256:11624d5ecd4304ac2d474d8ae15abc9f5d5222e37af80ea94fd00d2317467124",
                "sha256:3a03d1f69213b28b8ae4fd10e38fca95b2aa8f2a35f8a5522c38b32821714314",
                "sha256:5851b050e5aaba261cab0beef8aca868381b9e199b6b7792726370ef53699da8",
                "sha256:6cfa927b7ab068146dc4e7055e6857b087c0abe2f6b08d784c94e229ca430d3c",
                "sha256:89f9b49bdf9541b6f680c880100513d4db555ef819d8ad4b5ec09a98f6c7ad89",
                "sha256:906e3d56a5f3d3132862b698f61204469995e1cab38ec2c52079cc4b06da0eda",
                "sha256:94ac972effa16319a21c9ba73e61dfcd36820dda9126edd290ec6aff0fdb4865",
                "sha256:a3c2364df15c0a7d9a9c985aefbf17bb81a17652f290982fb8b01d822daf441b",
                "sha256:ae57de9d95475176fded6e514830a98559c4dd477d9ee13f2cf8894acffe54ed",
                "sha256:bb2b1fcfa031ffcade63d0225a995a05d907873cc2dd18af14bc409360c8a12e",
                "sha256:c7b8b4f7b347f34c1a4b31bb3b00979596fa531b4369bb60b8a5da916a9ff870",
                "sha256:d58ef5bbf548ffa0ec61d37bb95b1ebdf4209e5c8579b53213cf1d9bd804bfe9",
                "sha256:f181d732f802746ba9d754a20640c5f4790c4476d4ce8919f2a820c5a93a0553",
                "sha256:f518a8927bc5a04927f75a191e34747667a36016f671ded0dc6a53509e7fdab5",
                "sha256:f8c2d13aa83696092c71f0f01266a3d5ddb160096f0b36fd41ebba226ee2a2bf",
                "sha256:fa9b2e9bad64901e62f981d20386b76c625f9535a769251b07c9fc9726fbebfb"
            ],
            "index": "pypi",
            "version": "==1.0.1"
        },
        "python-dateutil": {
            "hashes": [
                "sha256:73ebfe9dbf22e832286dafa60473e4cd239f8592f699aa5adaf10050e6e1823c",
                "sha256:75bb3f31ea686f1197762692a9ee6a7550b59fc6ca3a1f4b5d7e32fb98e2da2a"
            ],
            "markers": "python_version >= '2.7' and python_version not in '3.0, 3.1, 3.2, 3.3'",
            "version": "==2.8.1"
        },
        "pytz": {
            "hashes": [
                "sha256:a494d53b6d39c3c6e44c3bec237336e14305e4f29bbf800b599253057fbb79ed",
                "sha256:c35965d010ce31b23eeb663ed3cc8c906275d6be1a34393a1d73a41febf4a048"
            ],
            "version": "==2020.1"
        },
        "redis": {
            "hashes": [
                "sha256:0e7e0cfca8660dea8b7d5cd8c4f6c5e29e11f31158c0b0ae91a397f00e5a05a2",
                "sha256:432b788c4530cfe16d8d943a09d40ca6c16149727e4afe8c2c9d5580c59d9f24"
            ],
            "index": "pypi",
            "version": "==3.5.3"
        },
        "scikit-learn": {
            "hashes": [
                "sha256:0a127cc70990d4c15b1019680bfedc7fec6c23d14d3719fdf9b64b22d37cdeca",
                "sha256:0d39748e7c9669ba648acf40fb3ce96b8a07b240db6888563a7cb76e05e0d9cc",
                "sha256:1b8a391de95f6285a2f9adffb7db0892718950954b7149a70c783dc848f104ea",
                "sha256:20766f515e6cd6f954554387dfae705d93c7b544ec0e6c6a5d8e006f6f7ef480",
                "sha256:2aa95c2f17d2f80534156215c87bee72b6aa314a7f8b8fe92a2d71f47280570d",
                "sha256:5ce7a8021c9defc2b75620571b350acc4a7d9763c25b7593621ef50f3bd019a2",
                "sha256:6c28a1d00aae7c3c9568f61aafeaad813f0f01c729bee4fd9479e2132b215c1d",
                "sha256:7671bbeddd7f4f9a6968f3b5442dac5f22bf1ba06709ef888cc9132ad354a9ab",
                "sha256:914ac2b45a058d3f1338d7736200f7f3b094857758895f8667be8a81ff443b5b",
                "sha256:98508723f44c61896a4e15894b2016762a55555fbf09365a0bb1870ecbd442de",
                "sha256:a64817b050efd50f9abcfd311870073e500ae11b299683a519fbb52d85e08d25",
                "sha256:cb3e76380312e1f86abd20340ab1d5b3cc46a26f6593d3c33c9ea3e4c7134028",
                "sha256:d0dcaa54263307075cb93d0bee3ceb02821093b1b3d25f66021987d305d01dce",
                "sha256:d9a1ce5f099f29c7c33181cc4386660e0ba891b21a60dc036bf369e3a3ee3aec",
                "sha256:da8e7c302003dd765d92a5616678e591f347460ac7b53e53d667be7dfe6d1b10",
                "sha256:daf276c465c38ef736a79bd79fc80a249f746bcbcae50c40945428f7ece074f8"
            ],
            "index": "pypi",
            "version": "==0.23.2"
        },
        "scipy": {
            "hashes": [
                "sha256:066c513d90eb3fd7567a9e150828d39111ebd88d3e924cdfc9f8ce19ab6f90c9",
                "sha256:07e52b316b40a4f001667d1ad4eb5f2318738de34597bd91537851365b6c61f1",
                "sha256:0a0e9a4e58a4734c2eba917f834b25b7e3b6dc333901ce7784fd31aefbd37b2f",
                "sha256:1c7564a4810c1cd77fcdee7fa726d7d39d4e2695ad252d7c86c3ea9d85b7fb8f",
                "sha256:315aa2165aca31375f4e26c230188db192ed901761390be908c9b21d8b07df62",
                "sha256:6e86c873fe1335d88b7a4bfa09d021f27a9e753758fd75f3f92d714aa4093768",
                "sha256:8e28e74b97fc8d6aa0454989db3b5d36fc27e69cef39a7ee5eaf8174ca1123cb",
                "sha256:92eb04041d371fea828858e4fff182453c25ae3eaa8782d9b6c32b25857d23bc",
                "sha256:a0afbb967fd2c98efad5f4c24439a640d39463282040a88e8e928db647d8ac3d",
                "sha256:a785409c0fa51764766840185a34f96a0a93527a0ff0230484d33a8ed085c8f8",
                "sha256:cca9fce15109a36a0a9f9cfc64f870f1c140cb235ddf27fe0328e6afb44dfed0",
                "sha256:d56b10d8ed72ec1be76bf10508446df60954f08a41c2d40778bc29a3a9ad9bce",
                "sha256:dac09281a0eacd59974e24525a3bc90fa39b4e95177e638a31b14db60d3fa806",
                "sha256:ec5fe57e46828d034775b00cd625c4a7b5c7d2e354c3b258d820c6c72212a6ec",
                "sha256:eecf40fa87eeda53e8e11d265ff2254729d04000cd40bae648e76ff268885d66",
                "sha256:fc98f3eac993b9bfdd392e675dfe19850cc8c7246a8fd2b42443e506344be7d9"
            ],
            "markers": "python_version >= '3.6'",
            "version": "==1.5.2"
        },
        "six": {
            "hashes": [
                "sha256:30639c035cdb23534cd4aa2dd52c3bf48f06e5f4a941509c8bafd8ce11080259",
                "sha256:8b74bedcbbbaca38ff6d7491d76f2b06b3592611af620f8426e82dddb04a5ced"
            ],
            "markers": "python_version >= '2.7' and python_version not in '3.0, 3.1, 3.2, 3.3'",
            "version": "==1.15.0"
        },
        "statsmodels": {
            "hashes": [
                "sha256:172d947a1a8542eefe7155f73ead951f6748782846e8e97e73b8ebf6483d5820",
                "sha256:1d61edd4b73f1f4ef983007cd0d797e6cafd9e7de0125584761d93f79675cdd2",
                "sha256:3b22ed234b80cd9d38988fba487da89cae484a4c2b9088b3e7783c0a937a4568",
                "sha256:4d1c4b4ecdff539c7fea788f919ed25f25fdc50189a5c0b1a1a966bf04f3a2b8",
                "sha256:65f08024ef9a0bd40b63c455d02da34394658c53c16e3494dd6171e86e639f9b",
                "sha256:6cb8395c820eda886721ec2e0db41ffebb2c5a090b27ef9bf51f64e9ab1486af",
                "sha256:75d8e36693d3e7459df9d4e5e4761b0277dd1c9d028a60ef6876e8299f8b9cd7",
                "sha256:7db46146a5e773c9905d914735fabc1e7b3b1027adc98e42060ad8e61460e647",
                "sha256:81c1a0a9dcc46713f47a5b69b1e7d74041ed85f774009302deedad11786beee0",
                "sha256:8954e9f1659e99a6684167432d36e25bf4e739bb3ae99709a021490f11992fed",
                "sha256:938dcf95b37fdd6404e0c1f2035b51de0cfd63a63faa9048751176ea55cb4ce9",
                "sha256:9c9de647fa3ed058635e6a1b1bb2d3d2396f103cb1dcd00d5e70c36d8137639d",
                "sha256:9cd2194c6642a8754e85f9a6e6912cdf996bebf6ff715d3cc67f65dadfd37cc9",
                "sha256:a7e6d67d986ef9776b80d30fba4dca1db534986ee2023bab121d70bd78d06c49",
                "sha256:a8848b368838a62d06c9f0995bdc6f5e82e09f55440bd85c2c13c58777813ebc",
                "sha256:adb5e524be26842c867f7dfdd74d7cfb2078fe2a6159b948e2f7ccf0e3d92002",
                "sha256:be0436f7ea14c277f30e3175dd463d2a26226d8fd360d06bb1c7cd1d9bbedafc",
                "sha256:c84625b8746ee7e613752334bfb9ff60dffb91d22f19b7f08b8c387776dc42c1",
                "sha256:e3d36ff3653b50554d9ad2c95556224d1882a5db328eea8a9aa32a0eb08e4e80",
                "sha256:e67e244ae4ca988b40783db7e1bac0de5b7f9f91062cdc0c93e219b189700388",
                "sha256:eb0589fae351e123d8dbf0a8fbfd9e9cc033622b0e9f6e81684aa692be48688d",
                "sha256:ede6c56ae5d67bf068c4486f970f24b10b952d85dab0b44e7761749159a90d7f",
                "sha256:f797eada017668ca4c8c50664ff44437c461dc20233da0e12ff81327a13877fd",
                "sha256:f9271b4ff7430f63e6c20c28afacb75e97a384fafb336fe336985da80bcd8a49"
            ],
            "index": "pypi",
            "version": "==0.10.2"
        },
        "threadpoolctl": {
            "hashes": [
                "sha256:38b74ca20ff3bb42caca8b00055111d74159ee95c4370882bbff2b93d24da725",
                "sha256:ddc57c96a38beb63db45d6c159b5ab07b6bced12c45a1f07b2b92f272aebfa6b"
            ],
            "markers": "python_version >= '3.5'",
            "version": "==2.1.0"
        }
    },
    "develop": {
        "attrs": {
            "hashes": [
                "sha256:26b54ddbbb9ee1d34d5d3668dd37d6cf74990ab23c828c2888dccdceee395594",
                "sha256:fce7fc47dfc976152e82d53ff92fa0407700c21acd20886a13777a0d20e655dc"
            ],
            "markers": "python_version >= '2.7' and python_version not in '3.0, 3.1, 3.2, 3.3'",
            "version": "==20.2.0"
        },
        "flake8": {
            "hashes": [
                "sha256:15e351d19611c887e482fb960eae4d44845013cc142d42896e9862f775d8cf5c",
                "sha256:f04b9fcbac03b0a3e58c0ab3a0ecc462e023a9faf046d57794184028123aa208"
            ],
            "index": "pypi",
            "version": "==3.8.3"
        },
        "freezegun": {
            "hashes": [
                "sha256:02b35de52f4699a78f6ac4518e4cd3390dddc43b0aeb978335a8f270a2d9668b",
                "sha256:1cf08e441f913ff5e59b19cc065a8faa9dd1ddc442eaf0375294f344581a0643"
            ],
            "index": "pypi",
            "version": "==1.0.0"
        },
        "iniconfig": {
            "hashes": [
                "sha256:80cf40c597eb564e86346103f609d74efce0f6b4d4f30ec8ce9e2c26411ba437",
                "sha256:e5f92f89355a67de0595932a6c6c02ab4afddc6fcdc0bfc5becd0d60884d3f69"
            ],
            "version": "==1.0.1"
        },
        "mccabe": {
            "hashes": [
                "sha256:ab8a6258860da4b6677da4bd2fe5dc2c659cff31b3ee4f7f5d64e79735b80d42",
                "sha256:dd8d182285a0fe56bace7f45b5e7d1a6ebcbf524e8f3bd87eb0f125271b8831f"
            ],
            "version": "==0.6.1"
        },
        "mock": {
            "hashes": [
                "sha256:3f9b2c0196c60d21838f307f5825a7b86b678cedc58ab9e50a8988187b4d81e0",
                "sha256:dd33eb70232b6118298d516bbcecd26704689c386594f0f3c4f13867b2c56f72"
            ],
            "index": "pypi",
            "version": "==4.0.2"
        },
        "packaging": {
            "hashes": [
                "sha256:4357f74f47b9c12db93624a82154e9b120fa8293699949152b22065d556079f8",
                "sha256:998416ba6962ae7fbd6596850b80e17859a5753ba17c32284f67bfff33784181"
            ],
            "markers": "python_version >= '2.7' and python_version not in '3.0, 3.1, 3.2, 3.3'",
            "version": "==20.4"
        },
        "pluggy": {
            "hashes": [
                "sha256:15b2acde666561e1298d71b523007ed7364de07029219b604cf808bfa1c765b0",
                "sha256:966c145cd83c96502c3c3868f50408687b38434af77734af1e9ca461a4081d2d"
            ],
            "markers": "python_version >= '2.7' and python_version not in '3.0, 3.1, 3.2, 3.3'",
            "version": "==0.13.1"
        },
        "py": {
            "hashes": [
                "sha256:366389d1db726cd2fcfc79732e75410e5fe4d31db13692115529d34069a043c2",
                "sha256:9ca6883ce56b4e8da7e79ac18787889fa5206c79dcc67fb065376cd2fe03f342"
            ],
            "markers": "python_version >= '2.7' and python_version not in '3.0, 3.1, 3.2, 3.3'",
            "version": "==1.9.0"
        },
        "pycodestyle": {
            "hashes": [
                "sha256:2295e7b2f6b5bd100585ebcb1f616591b652db8a741695b3d8f5d28bdc934367",
                "sha256:c58a7d2815e0e8d7972bf1803331fb0152f867bd89adf8a01dfd55085434192e"
            ],
            "markers": "python_version >= '2.7' and python_version not in '3.0, 3.1, 3.2, 3.3'",
            "version": "==2.6.0"
        },
        "pyflakes": {
            "hashes": [
                "sha256:0d94e0e05a19e57a99444b6ddcf9a6eb2e5c68d3ca1e98e90707af8152c90a92",
                "sha256:35b2d75ee967ea93b55750aa9edbbf72813e06a66ba54438df2cfac9e3c27fc8"
            ],
            "markers": "python_version >= '2.7' and python_version not in '3.0, 3.1, 3.2, 3.3'",
            "version": "==2.2.0"
        },
        "pyparsing": {
            "hashes": [
                "sha256:c203ec8783bf771a155b207279b9bccb8dea02d8f0c9e5f8ead507bc3246ecc1",
                "sha256:ef9d7589ef3c200abe66653d3f1ab1033c3c419ae9b9bdb1240a85b024efc88b"
            ],
            "markers": "python_version >= '2.6' and python_version not in '3.0, 3.1, 3.2, 3.3'",
            "version": "==2.4.7"
        },
        "pytest": {
            "hashes": [
                "sha256:1cd09785c0a50f9af72220dd12aa78cfa49cbffc356c61eab009ca189e018a33",
                "sha256:d010e24666435b39a4cf48740b039885642b6c273a3f77be3e7e03554d2806b7"
            ],
            "index": "pypi",
            "version": "==6.1.0"
        },
        "python-dateutil": {
            "hashes": [
                "sha256:73ebfe9dbf22e832286dafa60473e4cd239f8592f699aa5adaf10050e6e1823c",
                "sha256:75bb3f31ea686f1197762692a9ee6a7550b59fc6ca3a1f4b5d7e32fb98e2da2a"
            ],
            "markers": "python_version >= '2.7' and python_version not in '3.0, 3.1, 3.2, 3.3'",
            "version": "==2.8.1"
        },
        "python-dotenv": {
            "hashes": [
                "sha256:8c10c99a1b25d9a68058a1ad6f90381a62ba68230ca93966882a4dbc3bc9c33d",
                "sha256:c10863aee750ad720f4f43436565e4c1698798d763b63234fb5021b6c616e423"
            ],
            "index": "pypi",
            "version": "==0.14.0"
        },
        "six": {
            "hashes": [
                "sha256:30639c035cdb23534cd4aa2dd52c3bf48f06e5f4a941509c8bafd8ce11080259",
                "sha256:8b74bedcbbbaca38ff6d7491d76f2b06b3592611af620f8426e82dddb04a5ced"
            ],
            "markers": "python_version >= '2.7' and python_version not in '3.0, 3.1, 3.2, 3.3'",
            "version": "==1.15.0"
        },
        "toml": {
            "hashes": [
                "sha256:926b612be1e5ce0634a2ca03470f95169cf16f939018233a670519cb4ac58b0f",
                "sha256:bda89d5935c2eac546d648028b9901107a595863cb36bae0c73ac804a9b4ce88"
            ],
            "version": "==0.10.1"
        }
    }
}
